
Microsoft Visual Studio Solution File, Format Version 12.00
# Visual Studio Version 17
VisualStudioVersion = 17.0.31919.166
MinimumVisualStudioVersion = 10.0.40219.1
Project("{FAE04EC0-301F-11D3-BF4B-00C04F79EFBC}") = "IMC_WindowsForm", "IMC_WindowsForm\IMC_WindowsForm.csproj", "{6827C493-2546-4331-85E0-8B5CA545EA1B}"
EndProject
Global
	GlobalSection(SolutionConfigurationPlatforms) = preSolution
		Debug|Any CPU = Debug|Any CPU
		Release|Any CPU = Release|Any CPU
	EndGlobalSection
	GlobalSection(ProjectConfigurationPlatforms) = postSolution
		{6827C493-2546-4331-85E0-8B5CA545EA1B}.Debug|Any CPU.ActiveCfg = Debug|Any CPU
		{6827C493-2546-4331-85E0-8B5CA545EA1B}.Debug|Any CPU.Build.0 = Debug|Any CPU
		{6827C493-2546-4331-85E0-8B5CA545EA1B}.Release|Any CPU.ActiveCfg = Release|Any CPU
		{6827C493-2546-4331-85E0-8B5CA545EA1B}.Release|Any CPU.Build.0 = Release|Any CPU
	EndGlobalSection
	GlobalSection(SolutionProperties) = preSolution
		HideSolutionNode = FALSE
	EndGlobalSection
	GlobalSection(ExtensibilityGlobals) = postSolution
		SolutionGuid = {84F4BA77-DCA6-4E0D-B7FA-1217709FE27A}
	EndGlobalSection
EndGlobal
